
Microsoft Visual Studio Solution File, Format Version 12.00
# Visual Studio Version 17
VisualStudioVersion = 17.7.34031.279
MinimumVisualStudioVersion = 10.0.40219.1
Project("{9A19103F-16F7-4668-BE54-9A1E7A4F7556}") = "DataAccess", "DataAccess\DataAccess.csproj", "{1989EAF3-7B00-4452-8E61-5CEAD189FDBC}"
EndProject
Project("{9A19103F-16F7-4668-BE54-9A1E7A4F7556}") = "Business", "Business\Business.csproj", "{114AE0AC-B6E2-4249-864A-A17C044937D1}"
EndProject
Project("{9A19103F-16F7-4668-BE54-9A1E7A4F7556}") = "Entities", "Entities\Entities.csproj", "{219E55D0-27EB-471E-9357-B742D36FCF51}"
EndProject
Project("{FAE04EC0-301F-11D3-BF4B-00C04F79EFBC}") = "ConsoleUI", "ConsoleUI\ConsoleUI.csproj", "{F521581C-ACC1-47C5-AF25-5F87BEBBC014}"
EndProject
Project("{FAE04EC0-301F-11D3-BF4B-00C04F79EFBC}") = "Core", "Core\Core.csproj", "{30459AE7-D868-4618-8D01-4D03BE146965}"
EndProject
Global
	GlobalSection(SolutionConfigurationPlatforms) = preSolution
		Debug|Any CPU = Debug|Any CPU
		Release|Any CPU = Release|Any CPU
	EndGlobalSection
	GlobalSection(ProjectConfigurationPlatforms) = postSolution
		{1989EAF3-7B00-4452-8E61-5CEAD189FDBC}.Debug|Any CPU.ActiveCfg = Debug|Any CPU
		{1989EAF3-7B00-4452-8E61-5CEAD189FDBC}.Debug|Any CPU.Build.0 = Debug|Any CPU
		{1989EAF3-7B00-4452-8E61-5CEAD189FDBC}.Release|Any CPU.ActiveCfg = Release|Any CPU
		{1989EAF3-7B00-4452-8E61-5CEAD189FDBC}.Release|Any CPU.Build.0 = Release|Any CPU
		{114AE0AC-B6E2-4249-864A-A17C044937D1}.Debug|Any CPU.ActiveCfg = Debug|Any CPU
		{114AE0AC-B6E2-4249-864A-A17C044937D1}.Debug|Any CPU.Build.0 = Debug|Any CPU
		{114AE0AC-B6E2-4249-864A-A17C044937D1}.Release|Any CPU.ActiveCfg = Release|Any CPU
		{114AE0AC-B6E2-4249-864A-A17C044937D1}.Release|Any CPU.Build.0 = Release|Any CPU
		{219E55D0-27EB-471E-9357-B742D36FCF51}.Debug|Any CPU.ActiveCfg = Debug|Any CPU
		{219E55D0-27EB-471E-9357-B742D36FCF51}.Debug|Any CPU.Build.0 = Debug|Any CPU
		{219E55D0-27EB-471E-9357-B742D36FCF51}.Release|Any CPU.ActiveCfg = Release|Any CPU
		{219E55D0-27EB-471E-9357-B742D36FCF51}.Release|Any CPU.Build.0 = Release|Any CPU
		{F521581C-ACC1-47C5-AF25-5F87BEBBC014}.Debug|Any CPU.ActiveCfg = Debug|Any CPU
		{F521581C-ACC1-47C5-AF25-5F87BEBBC014}.Debug|Any CPU.Build.0 = Debug|Any CPU
		{F521581C-ACC1-47C5-AF25-5F87BEBBC014}.Release|Any CPU.ActiveCfg = Release|Any CPU
		{F521581C-ACC1-47C5-AF25-5F87BEBBC014}.Release|Any CPU.Build.0 = Release|Any CPU
		{30459AE7-D868-4618-8D01-4D03BE146965}.Debug|Any CPU.ActiveCfg = Debug|Any CPU
		{30459AE7-D868-4618-8D01-4D03BE146965}.Debug|Any CPU.Build.0 = Debug|Any CPU
		{30459AE7-D868-4618-8D01-4D03BE146965}.Release|Any CPU.ActiveCfg = Release|Any CPU
		{30459AE7-D868-4618-8D01-4D03BE146965}.Release|Any CPU.Build.0 = Release|Any CPU
	EndGlobalSection
	GlobalSection(SolutionProperties) = preSolution
		HideSolutionNode = FALSE
	EndGlobalSection
	GlobalSection(ExtensibilityGlobals) = postSolution
		SolutionGuid = {C4EA180A-02C4-4EAD-9B8C-FD19ADB4FFA2}
	EndGlobalSection
EndGlobal
